
Microsoft Visual Studio Solution File, Format Version 12.00
# Visual Studio Version 16
VisualStudioVersion = 16.0.31515.178
MinimumVisualStudioVersion = 10.0.40219.1
Project("{9A19103F-16F7-4668-BE54-9A1E7A4F7556}") = "ConsoleCashier", "ConsoleCashier\ConsoleCashier.csproj", "{B35E4A65-52B7-47EE-BB98-5437CD36C2B6}"
	ProjectSection(ProjectDependencies) = postProject
		{27489D74-0FAA-4988-AF64-495A93DFACAC} = {27489D74-0FAA-4988-AF64-495A93DFACAC}
	EndProjectSection
EndProject
Project("{9A19103F-16F7-4668-BE54-9A1E7A4F7556}") = "CashierModel", "CashierModel\CashierModel.csproj", "{27489D74-0FAA-4988-AF64-495A93DFACAC}"
EndProject
Project("{00D1A9C2-B5F0-4AF3-8072-F6C62B433612}") = "CashierDb", "CashierDb\CashierDb.sqlproj", "{FA165340-633D-4191-9DDC-1298E2D5C613}"
EndProject
Global
	GlobalSection(SolutionConfigurationPlatforms) = preSolution
		Debug|Any CPU = Debug|Any CPU
		Release|Any CPU = Release|Any CPU
	EndGlobalSection
	GlobalSection(ProjectConfigurationPlatforms) = postSolution
		{B35E4A65-52B7-47EE-BB98-5437CD36C2B6}.Debug|Any CPU.ActiveCfg = Debug|Any CPU
		{B35E4A65-52B7-47EE-BB98-5437CD36C2B6}.Debug|Any CPU.Build.0 = Debug|Any CPU
		{B35E4A65-52B7-47EE-BB98-5437CD36C2B6}.Release|Any CPU.ActiveCfg = Release|Any CPU
		{B35E4A65-52B7-47EE-BB98-5437CD36C2B6}.Release|Any CPU.Build.0 = Release|Any CPU
		{27489D74-0FAA-4988-AF64-495A93DFACAC}.Debug|Any CPU.ActiveCfg = Debug|Any CPU
		{27489D74-0FAA-4988-AF64-495A93DFACAC}.Debug|Any CPU.Build.0 = Debug|Any CPU
		{27489D74-0FAA-4988-AF64-495A93DFACAC}.Release|Any CPU.ActiveCfg = Release|Any CPU
		{27489D74-0FAA-4988-AF64-495A93DFACAC}.Release|Any CPU.Build.0 = Release|Any CPU
		{FA165340-633D-4191-9DDC-1298E2D5C613}.Debug|Any CPU.ActiveCfg = Debug|Any CPU
		{FA165340-633D-4191-9DDC-1298E2D5C613}.Debug|Any CPU.Build.0 = Debug|Any CPU
		{FA165340-633D-4191-9DDC-1298E2D5C613}.Debug|Any CPU.Deploy.0 = Debug|Any CPU
		{FA165340-633D-4191-9DDC-1298E2D5C613}.Release|Any CPU.ActiveCfg = Release|Any CPU
		{FA165340-633D-4191-9DDC-1298E2D5C613}.Release|Any CPU.Build.0 = Release|Any CPU
		{FA165340-633D-4191-9DDC-1298E2D5C613}.Release|Any CPU.Deploy.0 = Release|Any CPU
	EndGlobalSection
	GlobalSection(SolutionProperties) = preSolution
		HideSolutionNode = FALSE
	EndGlobalSection
	GlobalSection(ExtensibilityGlobals) = postSolution
		SolutionGuid = {2BF49101-C4A3-4880-8604-7840E3ABC63A}
	EndGlobalSection
EndGlobal
